{
    "name": "node-red-project",
    "version": "0.0.1",
    "lockfileVersion": 1,
    "requires": true,
    "dependencies": {
        "node-red-contrib-struct": {
            "version": "file:..",
            "requires": {
                "superstruct": "*"
            }
        },
        "superstruct": {
            "version": "0.13.3",
            "resolved": "https://registry.npmjs.org/superstruct/-/superstruct-0.13.3.tgz",
            "integrity": "sha512-WN4hbity6l+gt5/Nb4jcxJLPk8OUHRG11NJRw4WVUUkgu0t8+HjyHelKtPNybSq2ziPoWLRAY2XisuNh9Pw5KA=="
        }
    }
}
